
Microsoft Visual Studio Solution File, Format Version 12.00
# Visual Studio Version 17
VisualStudioVersion = 17.5.33516.290
MinimumVisualStudioVersion = 10.0.40219.1
Project("{FAE04EC0-301F-11D3-BF4B-00C04F79EFBC}") = "01_Classes", "01_Classes\01_Classes.csproj", "{278B09CE-3673-43D3-9562-61BD88B8CD24}"
EndProject
Global
	GlobalSection(SolutionConfigurationPlatforms) = preSolution
		Debug|Any CPU = Debug|Any CPU
		Release|Any CPU = Release|Any CPU
	EndGlobalSection
	GlobalSection(ProjectConfigurationPlatforms) = postSolution
		{278B09CE-3673-43D3-9562-61BD88B8CD24}.Debug|Any CPU.ActiveCfg = Debug|Any CPU
		{278B09CE-3673-43D3-9562-61BD88B8CD24}.Debug|Any CPU.Build.0 = Debug|Any CPU
		{278B09CE-3673-43D3-9562-61BD88B8CD24}.Release|Any CPU.ActiveCfg = Release|Any CPU
		{278B09CE-3673-43D3-9562-61BD88B8CD24}.Release|Any CPU.Build.0 = Release|Any CPU
	EndGlobalSection
	GlobalSection(SolutionProperties) = preSolution
		HideSolutionNode = FALSE
	EndGlobalSection
	GlobalSection(ExtensibilityGlobals) = postSolution
		SolutionGuid = {704590A4-C346-48A6-9301-BBF3C7C515E5}
	EndGlobalSection
EndGlobal
