
Microsoft Visual Studio Solution File, Format Version 12.00
# Visual Studio Version 17
VisualStudioVersion = 17.5.33516.290
MinimumVisualStudioVersion = 10.0.40219.1
Project("{FAE04EC0-301F-11D3-BF4B-00C04F79EFBC}") = "01_Classes", "01_Classes\01_Classes.csproj", "{278B09CE-3673-43D3-9562-61BD88B8CD24}"
EndProject
Project("{FAE04EC0-301F-11D3-BF4B-00C04F79EFBC}") = "02_Encapsulation", "02_Encapsulation\02_Encapsulation.csproj", "{D6E02C85-8007-4ACC-95E4-BB02A4EC3F63}"
EndProject
Project("{FAE04EC0-301F-11D3-BF4B-00C04F79EFBC}") = "03_Constructors", "03_Constructors\03_Constructors.csproj", "{EC4B333C-5836-4691-BE53-6E72BE8BEBD1}"
EndProject
Project("{FAE04EC0-301F-11D3-BF4B-00C04F79EFBC}") = "04_Inheritance", "04_Inheritance\04_Inheritance.csproj", "{8C9BB50E-3F4D-47F7-AF5D-08D803CAA584}"
EndProject
Global
	GlobalSection(SolutionConfigurationPlatforms) = preSolution
		Debug|Any CPU = Debug|Any CPU
		Release|Any CPU = Release|Any CPU
	EndGlobalSection
	GlobalSection(ProjectConfigurationPlatforms) = postSolution
		{278B09CE-3673-43D3-9562-61BD88B8CD24}.Debug|Any CPU.ActiveCfg = Debug|Any CPU
		{278B09CE-3673-43D3-9562-61BD88B8CD24}.Debug|Any CPU.Build.0 = Debug|Any CPU
		{278B09CE-3673-43D3-9562-61BD88B8CD24}.Release|Any CPU.ActiveCfg = Release|Any CPU
		{278B09CE-3673-43D3-9562-61BD88B8CD24}.Release|Any CPU.Build.0 = Release|Any CPU
		{D6E02C85-8007-4ACC-95E4-BB02A4EC3F63}.Debug|Any CPU.ActiveCfg = Debug|Any CPU
		{D6E02C85-8007-4ACC-95E4-BB02A4EC3F63}.Debug|Any CPU.Build.0 = Debug|Any CPU
		{D6E02C85-8007-4ACC-95E4-BB02A4EC3F63}.Release|Any CPU.ActiveCfg = Release|Any CPU
		{D6E02C85-8007-4ACC-95E4-BB02A4EC3F63}.Release|Any CPU.Build.0 = Release|Any CPU
		{EC4B333C-5836-4691-BE53-6E72BE8BEBD1}.Debug|Any CPU.ActiveCfg = Debug|Any CPU
		{EC4B333C-5836-4691-BE53-6E72BE8BEBD1}.Debug|Any CPU.Build.0 = Debug|Any CPU
		{EC4B333C-5836-4691-BE53-6E72BE8BEBD1}.Release|Any CPU.ActiveCfg = Release|Any CPU
		{EC4B333C-5836-4691-BE53-6E72BE8BEBD1}.Release|Any CPU.Build.0 = Release|Any CPU
		{8C9BB50E-3F4D-47F7-AF5D-08D803CAA584}.Debug|Any CPU.ActiveCfg = Debug|Any CPU
		{8C9BB50E-3F4D-47F7-AF5D-08D803CAA584}.Debug|Any CPU.Build.0 = Debug|Any CPU
		{8C9BB50E-3F4D-47F7-AF5D-08D803CAA584}.Release|Any CPU.ActiveCfg = Release|Any CPU
		{8C9BB50E-3F4D-47F7-AF5D-08D803CAA584}.Release|Any CPU.Build.0 = Release|Any CPU
	EndGlobalSection
	GlobalSection(SolutionProperties) = preSolution
		HideSolutionNode = FALSE
	EndGlobalSection
	GlobalSection(ExtensibilityGlobals) = postSolution
		SolutionGuid = {704590A4-C346-48A6-9301-BBF3C7C515E5}
	EndGlobalSection
EndGlobal
